
Microsoft Visual Studio Solution File, Format Version 12.00
# Visual Studio Version 16
VisualStudioVersion = 16.0.30611.23
MinimumVisualStudioVersion = 10.0.40219.1
Project("{FAE04EC0-301F-11D3-BF4B-00C04F79EFBC}") = "Joystick", "Joystick\Joystick.csproj", "{1C6B3B87-D012-4D80-8389-BA353EC6B798}"
EndProject
Global
	GlobalSection(SolutionConfigurationPlatforms) = preSolution
		Debug|Any CPU = Debug|Any CPU
		Release|Any CPU = Release|Any CPU
	EndGlobalSection
	GlobalSection(ProjectConfigurationPlatforms) = postSolution
		{1C6B3B87-D012-4D80-8389-BA353EC6B798}.Debug|Any CPU.ActiveCfg = Debug|Any CPU
		{1C6B3B87-D012-4D80-8389-BA353EC6B798}.Debug|Any CPU.Build.0 = Debug|Any CPU
		{1C6B3B87-D012-4D80-8389-BA353EC6B798}.Release|Any CPU.ActiveCfg = Release|Any CPU
		{1C6B3B87-D012-4D80-8389-BA353EC6B798}.Release|Any CPU.Build.0 = Release|Any CPU
	EndGlobalSection
	GlobalSection(SolutionProperties) = preSolution
		HideSolutionNode = FALSE
	EndGlobalSection
	GlobalSection(ExtensibilityGlobals) = postSolution
		SolutionGuid = {B3A79B3C-AA3C-41A6-81E9-FC14EFE04559}
	EndGlobalSection
EndGlobal
