
Microsoft Visual Studio Solution File, Format Version 12.00
# Visual Studio Version 16
VisualStudioVersion = 16.0.30611.23
MinimumVisualStudioVersion = 10.0.40219.1
Project("{FAE04EC0-301F-11D3-BF4B-00C04F79EFBC}") = "Bluetooth", "Bluetooth\Bluetooth.csproj", "{607DD93D-287C-4B8E-93D3-8E26128C3651}"
EndProject
Global
	GlobalSection(SolutionConfigurationPlatforms) = preSolution
		Debug|Any CPU = Debug|Any CPU
		Release|Any CPU = Release|Any CPU
	EndGlobalSection
	GlobalSection(ProjectConfigurationPlatforms) = postSolution
		{607DD93D-287C-4B8E-93D3-8E26128C3651}.Debug|Any CPU.ActiveCfg = Debug|Any CPU
		{607DD93D-287C-4B8E-93D3-8E26128C3651}.Debug|Any CPU.Build.0 = Debug|Any CPU
		{607DD93D-287C-4B8E-93D3-8E26128C3651}.Release|Any CPU.ActiveCfg = Release|Any CPU
		{607DD93D-287C-4B8E-93D3-8E26128C3651}.Release|Any CPU.Build.0 = Release|Any CPU
	EndGlobalSection
	GlobalSection(SolutionProperties) = preSolution
		HideSolutionNode = FALSE
	EndGlobalSection
	GlobalSection(ExtensibilityGlobals) = postSolution
		SolutionGuid = {CDA690D1-CB5D-4E67-9BE3-E41A237AB601}
	EndGlobalSection
EndGlobal
